Microsoft Visual Studio Solution File, Format Version 12.00
# Visual Studio Version 17
VisualStudioVersion = 17.5.2.0
MinimumVisualStudioVersion = 10.0.40219.1
Project("{2150E333-8FDC-42A3-9474-1A3956D46DE8}") = "Lesson 01", "Lesson 01", "{52C8F4BE-735C-478A-A834-E109D62762E5}"
EndProject
Project("{2150E333-8FDC-42A3-9474-1A3956D46DE8}") = "Lesson 02", "Lesson 02", "{EF836674-663E-B719-5B2E-997C7828508F}"
EndProject
Project("{2150E333-8FDC-42A3-9474-1A3956D46DE8}") = "Lesson 03", "Lesson 03", "{FC546D4A-1673-69FB-4E3D-0F728C257065}"
EndProject
Project("{2150E333-8FDC-42A3-9474-1A3956D46DE8}") = "Lesson 04", "Lesson 04", "{D967331C-314D-2A6A-8A7F-86040C044559}"
EndProject
Project("{2150E333-8FDC-42A3-9474-1A3956D46DE8}") = "Lesson 05", "Lesson 05", "{B5AA8654-D9A7-8DA6-2266-7185B1F5FF27}"
EndProject
Project("{FAE04EC0-301F-11D3-BF4B-00C04F79EFBC}") = "MyFirstApp", "Lesson 01\MyFirstApp\MyFirstApp.csproj", "{ECB3F2B6-362E-51FF-6F00-0A04F4D711C5}"
EndProject
Project("{2150E333-8FDC-42A3-9474-1A3956D46DE8}") = "MiddlewareApp", "MiddlewareApp", "{43A22AF8-A49C-83DD-3C27-41E8197A98E5}"
EndProject
Project("{FAE04EC0-301F-11D3-BF4B-00C04F79EFBC}") = "MyFirstApp", "Lesson 02\MiddlewareApp\MyFirstApp.csproj", "{761B5DAD-38FB-D246-C01A-2A7C74831ED4}"
EndProject
Project("{FAE04EC0-301F-11D3-BF4B-00C04F79EFBC}") = "HelloApp", "Lesson 03\HelloApp\HelloApp.csproj", "{134BE758-01FF-B151-F9FD-BE629F802C67}"
EndProject
Project("{FAE04EC0-301F-11D3-BF4B-00C04F79EFBC}") = "StudentApp", "Lesson 03\StudentApp\StudentApp.csproj", "{E0565506-EF46-FD43-934E-2BF32349CEA3}"
EndProject
Project("{FAE04EC0-301F-11D3-BF4B-00C04F79EFBC}") = "ControllerApp", "Lesson 04\ControllerApp\ControllerApp.csproj", "{31003F67-E31F-CD6C-9C5C-55684155CDC5}"
EndProject
Project("{FAE04EC0-301F-11D3-BF4B-00C04F79EFBC}") = "RazorApp", "Lesson 05\RazorApp\RazorApp.csproj", "{06C4DDAE-EF1A-83A7-96A7-91D58B2E6462}"
EndProject
Global
	GlobalSection(SolutionConfigurationPlatforms) = preSolution
		Debug|Any CPU = Debug|Any CPU
		Release|Any CPU = Release|Any CPU
	EndGlobalSection
	GlobalSection(ProjectConfigurationPlatforms) = postSolution
		{ECB3F2B6-362E-51FF-6F00-0A04F4D711C5}.Debug|Any CPU.ActiveCfg = Debug|Any CPU
		{ECB3F2B6-362E-51FF-6F00-0A04F4D711C5}.Debug|Any CPU.Build.0 = Debug|Any CPU
		{ECB3F2B6-362E-51FF-6F00-0A04F4D711C5}.Release|Any CPU.ActiveCfg = Release|Any CPU
		{ECB3F2B6-362E-51FF-6F00-0A04F4D711C5}.Release|Any CPU.Build.0 = Release|Any CPU
		{761B5DAD-38FB-D246-C01A-2A7C74831ED4}.Debug|Any CPU.ActiveCfg = Debug|Any CPU
		{761B5DAD-38FB-D246-C01A-2A7C74831ED4}.Debug|Any CPU.Build.0 = Debug|Any CPU
		{761B5DAD-38FB-D246-C01A-2A7C74831ED4}.Release|Any CPU.ActiveCfg = Release|Any CPU
		{761B5DAD-38FB-D246-C01A-2A7C74831ED4}.Release|Any CPU.Build.0 = Release|Any CPU
		{134BE758-01FF-B151-F9FD-BE629F802C67}.Debug|Any CPU.ActiveCfg = Debug|Any CPU
		{134BE758-01FF-B151-F9FD-BE629F802C67}.Debug|Any CPU.Build.0 = Debug|Any CPU
		{134BE758-01FF-B151-F9FD-BE629F802C67}.Release|Any CPU.ActiveCfg = Release|Any CPU
		{134BE758-01FF-B151-F9FD-BE629F802C67}.Release|Any CPU.Build.0 = Release|Any CPU
		{E0565506-EF46-FD43-934E-2BF32349CEA3}.Debug|Any CPU.ActiveCfg = Debug|Any CPU
		{E0565506-EF46-FD43-934E-2BF32349CEA3}.Debug|Any CPU.Build.0 = Debug|Any CPU
		{E0565506-EF46-FD43-934E-2BF32349CEA3}.Release|Any CPU.ActiveCfg = Release|Any CPU
		{E0565506-EF46-FD43-934E-2BF32349CEA3}.Release|Any CPU.Build.0 = Release|Any CPU
		{31003F67-E31F-CD6C-9C5C-55684155CDC5}.Debug|Any CPU.ActiveCfg = Debug|Any CPU
		{31003F67-E31F-CD6C-9C5C-55684155CDC5}.Debug|Any CPU.Build.0 = Debug|Any CPU
		{31003F67-E31F-CD6C-9C5C-55684155CDC5}.Release|Any CPU.ActiveCfg = Release|Any CPU
		{31003F67-E31F-CD6C-9C5C-55684155CDC5}.Release|Any CPU.Build.0 = Release|Any CPU
		{06C4DDAE-EF1A-83A7-96A7-91D58B2E6462}.Debug|Any CPU.ActiveCfg = Debug|Any CPU
		{06C4DDAE-EF1A-83A7-96A7-91D58B2E6462}.Debug|Any CPU.Build.0 = Debug|Any CPU
		{06C4DDAE-EF1A-83A7-96A7-91D58B2E6462}.Release|Any CPU.ActiveCfg = Release|Any CPU
		{06C4DDAE-EF1A-83A7-96A7-91D58B2E6462}.Release|Any CPU.Build.0 = Release|Any CPU
	EndGlobalSection
	GlobalSection(SolutionProperties) = preSolution
		HideSolutionNode = FALSE
	EndGlobalSection
	GlobalSection(NestedProjects) = preSolution
		{ECB3F2B6-362E-51FF-6F00-0A04F4D711C5} = {52C8F4BE-735C-478A-A834-E109D62762E5}
		{43A22AF8-A49C-83DD-3C27-41E8197A98E5} = {EF836674-663E-B719-5B2E-997C7828508F}
		{761B5DAD-38FB-D246-C01A-2A7C74831ED4} = {43A22AF8-A49C-83DD-3C27-41E8197A98E5}
		{134BE758-01FF-B151-F9FD-BE629F802C67} = {FC546D4A-1673-69FB-4E3D-0F728C257065}
		{E0565506-EF46-FD43-934E-2BF32349CEA3} = {FC546D4A-1673-69FB-4E3D-0F728C257065}
		{31003F67-E31F-CD6C-9C5C-55684155CDC5} = {D967331C-314D-2A6A-8A7F-86040C044559}
		{06C4DDAE-EF1A-83A7-96A7-91D58B2E6462} = {B5AA8654-D9A7-8DA6-2266-7185B1F5FF27}
	EndGlobalSection
	GlobalSection(ExtensibilityGlobals) = postSolution
		SolutionGuid = {9EBB39E5-27F3-48E6-A386-2CB53A889936}
	EndGlobalSection
EndGlobal
